PODS:
  - Applozic (7.3.0):
    - SDWebImage (~> 5.1.0)
  - applozic_flutter (0.0.1):
    - ApplozicSwift (~> 5.3.0)
    - Flutter
  - ApplozicSwift (5.3.0):
    - ApplozicSwift/Complete (= 5.3.0)
  - ApplozicSwift/Complete (5.3.0):
    - Applozic (~> 7.3.0)
    - ApplozicSwift/RichMessageKit
    - Kingfisher (~> 5.13.0)
    - MGSwipeTableCell (~> 1.6.11)
  - ApplozicSwift/RichMessageKit (5.3.0)
  - Flutter (1.0.0)
  - Kingfisher (5.13.4):
    - Kingfisher/Core (= 5.13.4)
  - Kingfisher/Core (5.13.4)
  - MGSwipeTableCell (1.6.11)
  - SDWebImage (5.1.1):
    - SDWebImage/Core (= 5.1.1)
  - SDWebImage/Core (5.1.1)

DEPENDENCIES:
  - applozic_flutter (from `.symlinks/plugins/applozic_flutter/ios`)
  - Flutter (from `Flutter`)

SPEC REPOS:
  trunk:
    - Applozic
    - ApplozicSwift
    - Kingfisher
    - MGSwipeTableCell
    - SDWebImage

EXTERNAL SOURCES:
  applozic_flutter:
    :path: ".symlinks/plugins/applozic_flutter/ios"
  Flutter:
    :path: Flutter

SPEC CHECKSUMS:
  Applozic: 9fffca38afaf77ced5196619e00a4c67b074ecfc
  applozic_flutter: 301c78736473b928564376c7a07d5a43496d2559
  ApplozicSwift: c40a0a1fa362550d53ffacd550c363ed9886c97d
  Flutter: 0e3d915762c693b495b44d77113d4970485de6ec
  Kingfisher: d2279a7abece3c7f25a80cd2b7f363ca5cf3f44c
  MGSwipeTableCell: b804e4e450dee439c42250be90bd50458bf67fce
  SDWebImage: 96d7f03415ccb28d299d765f93557ff8a617abd8

PODFILE CHECKSUM: 78296c28d45f58118ed97ed49e0ea951fb262214

COCOAPODS: 1.9.1
